<?xml version="1.0" encoding="utf-8"?>
<Project ToolsVersion="4.0" xmlns="http://schemas.microsoft.com/developer/msbuild/2003">
  <ItemGroup>
    <Filter Include="glew">
      <UniqueIdentifier>{a2ffa62e-924f-4848-a6d6-fd0fbec0f4e3}</UniqueIdentifier>
    </Filter>
    <Filter Include="glew\include">
      <UniqueIdentifier>{6c31a601-af9d-42aa-8322-cd1da0affc7a}</UniqueIdentifier>
    </Filter>
    <Filter Include="glew\source">
      <UniqueIdentifier>{f489d676-7831-49b2-8dac-8be7b71cee27}</UniqueIdentifier>
    </Filter>
    <Filter Include="freeglut">
      <UniqueIdentifier>{71bb7849-ec82-455f-9e15-4bcf3097dc22}</UniqueIdentifier>
    </Filter>
    <Filter Include="freeglut\include">
      <UniqueIdentifier>{7bf82088-bc5f-4fa6-8bf4-decf4741488a}</UniqueIdentifier>
    </Filter>
    <Filter Include="freeglut\source">
      <UniqueIdentifier>{947aec70-280a-45bf-ac4d-a0ffb93273b4}</UniqueIdentifier>
    </Filter>
    <Filter Include="cwc">
      <UniqueIdentifier>{4c9fae19-367c-4868-9910-c5f7b7914e70}</UniqueIdentifier>
    </Filter>
    <Filter Include="cwc\include">
      <UniqueIdentifier>{6bb8895e-96fb-43fe-9b7b-c42863784860}</UniqueIdentifier>
    </Filter>
    <Filter Include="cwc\source">
      <UniqueIdentifier>{5d4ddb9e-5a4c-4ee5-8563-db32d4740f87}</UniqueIdentifier>
    </Filter>
  </ItemGroup>
  <ItemGroup>
    <ClInclude Include="glew\include\Gl\glew.h">
      <Filter>glew\include</Filter>
    </ClInclude>
    <ClInclude Include="glew\include\Gl\glxew.h">
      <Filter>glew\include</Filter>
    </ClInclude>
    <ClInclude Include="glew\include\Gl\wglew.h">
      <Filter>glew\include</Filter>
    </ClInclude>
    <ClInclude Include="freeglut\include\Gl\freeglut.h">
      <Filter>freeglut\include</Filter>
    </ClInclude>
    <ClInclude Include="freeglut\include\Gl\freeglut_ext.h">
      <Filter>freeglut\include</Filter>
    </ClInclude>
    <ClInclude Include="freeglut\include\Gl\freeglut_std.h">
      <Filter>freeglut\include</Filter>
    </ClInclude>
    <ClInclude Include="freeglut\include\Gl\glut.h">
      <Filter>freeglut\include</Filter>
    </ClInclude>
    <ClInclude Include="freeglut\source\freeglut_internal.h">
      <Filter>freeglut\source</Filter>
    </ClInclude>
    <ClInclude Include="freeglut\source\freeglut_teapot_data.h">
      <Filter>freeglut\source</Filter>
    </ClInclude>
    <ClInclude Include="cwc\include\glApplication.h">
      <Filter>cwc\include</Filter>
    </ClInclude>
    <ClInclude Include="cwc\include\glsl.h">
      <Filter>cwc\include</Filter>
    </ClInclude>
    <ClInclude Include="cwc\include\glutwindow.h">
      <Filter>cwc\include</Filter>
    </ClInclude>
    <ClInclude Include="cwc\include\glWindow.h">
      <Filter>cwc\include</Filter>
    </ClInclude>
    <ClInclude Include="Personaje.h" />
    <ClInclude Include="Tetera.h" />
    <ClInclude Include="Cubo.h" />
  </ItemGroup>
  <ItemGroup>
    <ClCompile Include="glew\source\glew.c">
      <Filter>glew\source</Filter>
    </ClCompile>
    <ClCompile Include="freeglut\source\freeglut_callbacks.c">
      <Filter>freeglut\source</Filter>
    </ClCompile>
    <ClCompile Include="freeglut\source\freeglut_cursor.c">
      <Filter>freeglut\source</Filter>
    </ClCompile>
    <ClCompile Include="freeglut\source\freeglut_display.c">
      <Filter>freeglut\source</Filter>
    </ClCompile>
    <ClCompile Include="freeglut\source\freeglut_ext.c">
      <Filter>freeglut\source</Filter>
    </ClCompile>
    <ClCompile Include="freeglut\source\freeglut_font.c">
      <Filter>freeglut\source</Filter>
    </ClCompile>
    <ClCompile Include="freeglut\source\freeglut_font_data.c">
      <Filter>freeglut\source</Filter>
    </ClCompile>
    <ClCompile Include="freeglut\source\freeglut_gamemode.c">
      <Filter>freeglut\source</Filter>
    </ClCompile>
    <ClCompile Include="freeglut\source\freeglut_geometry.c">
      <Filter>freeglut\source</Filter>
    </ClCompile>
    <ClCompile Include="freeglut\source\freeglut_glutfont_definitions.c">
      <Filter>freeglut\source</Filter>
    </ClCompile>
    <ClCompile Include="freeglut\source\freeglut_init.c">
      <Filter>freeglut\source</Filter>
    </ClCompile>
    <ClCompile Include="freeglut\source\freeglut_joystick.c">
      <Filter>freeglut\source</Filter>
    </ClCompile>
    <ClCompile Include="freeglut\source\freeglut_main.c">
      <Filter>freeglut\source</Filter>
    </ClCompile>
    <ClCompile Include="freeglut\source\freeglut_menu.c">
      <Filter>freeglut\source</Filter>
    </ClCompile>
    <ClCompile Include="freeglut\source\freeglut_misc.c">
      <Filter>freeglut\source</Filter>
    </ClCompile>
    <ClCompile Include="freeglut\source\freeglut_overlay.c">
      <Filter>freeglut\source</Filter>
    </ClCompile>
    <ClCompile Include="freeglut\source\freeglut_state.c">
      <Filter>freeglut\source</Filter>
    </ClCompile>
    <ClCompile Include="freeglut\source\freeglut_stroke_mono_roman.c">
      <Filter>freeglut\source</Filter>
    </ClCompile>
    <ClCompile Include="freeglut\source\freeglut_stroke_roman.c">
      <Filter>freeglut\source</Filter>
    </ClCompile>
    <ClCompile Include="freeglut\source\freeglut_structure.c">
      <Filter>freeglut\source</Filter>
    </ClCompile>
    <ClCompile Include="freeglut\source\freeglut_teapot.c">
      <Filter>freeglut\source</Filter>
    </ClCompile>
    <ClCompile Include="freeglut\source\freeglut_videoresize.c">
      <Filter>freeglut\source</Filter>
    </ClCompile>
    <ClCompile Include="freeglut\source\freeglut_window.c">
      <Filter>freeglut\source</Filter>
    </ClCompile>
    <ClCompile Include="cwc\source\glApplication.cpp">
      <Filter>cwc\source</Filter>
    </ClCompile>
    <ClCompile Include="cwc\source\glsl.cpp">
      <Filter>cwc\source</Filter>
    </ClCompile>
    <ClCompile Include="cwc\source\glutwindow.cpp">
      <Filter>cwc\source</Filter>
    </ClCompile>
    <ClCompile Include="cwc\source\glWindow.cpp">
      <Filter>cwc\source</Filter>
    </ClCompile>
    <ClCompile Include="main.cpp" />
    <ClCompile Include="Personaje.cpp" />
    <ClCompile Include="Tetera.cpp" />
    <ClCompile Include="Cubo.cpp" />
  </ItemGroup>
  <ItemGroup>
    <None Include="freeglut\source\freeglutdll.def">
      <Filter>freeglut\source</Filter>
    </None>
  </ItemGroup>
  <ItemGroup>
    <Text Include="fragmentshader.txt" />
    <Text Include="vertexshader.txt" />
  </ItemGroup>
</Project>